
Microsoft Visual Studio Solution File, Format Version 12.00
# Visual Studio Version 17
VisualStudioVersion = 17.4.33110.190
MinimumVisualStudioVersion = 10.0.40219.1
Project("{FAE04EC0-301F-11D3-BF4B-00C04F79EFBC}") = "Desafio Turim", "Desafio Turim - distribuição de lucros\Desafio Turim.csproj", "{B5DA3E0A-2106-404A-BDA6-EA619A61AEAC}"
EndProject
Global
	GlobalSection(SolutionConfigurationPlatforms) = preSolution
		Debug|Any CPU = Debug|Any CPU
		Release|Any CPU = Release|Any CPU
	EndGlobalSection
	GlobalSection(ProjectConfigurationPlatforms) = postSolution
		{B5DA3E0A-2106-404A-BDA6-EA619A61AEAC}.Debug|Any CPU.ActiveCfg = Debug|Any CPU
		{B5DA3E0A-2106-404A-BDA6-EA619A61AEAC}.Debug|Any CPU.Build.0 = Debug|Any CPU
		{B5DA3E0A-2106-404A-BDA6-EA619A61AEAC}.Release|Any CPU.ActiveCfg = Release|Any CPU
		{B5DA3E0A-2106-404A-BDA6-EA619A61AEAC}.Release|Any CPU.Build.0 = Release|Any CPU
	EndGlobalSection
	GlobalSection(SolutionProperties) = preSolution
		HideSolutionNode = FALSE
	EndGlobalSection
	GlobalSection(ExtensibilityGlobals) = postSolution
		SolutionGuid = {990A9DD1-387C-4987-B4F7-5F9F24BCE494}
	EndGlobalSection
EndGlobal
